
Microsoft Visual Studio Solution File, Format Version 12.00
# Visual Studio Version 16
VisualStudioVersion = 16.0.28803.156
MinimumVisualStudioVersion = 10.0.40219.1
Project("{FAE04EC0-301F-11D3-BF4B-00C04F79EFBC}") = "ProyectoAgenda", "ProyectoAgenda\ProyectoAgenda.csproj", "{E5A4DF64-D583-406C-8960-4F05F873A43D}"
EndProject
Global
	GlobalSection(SolutionConfigurationPlatforms) = preSolution
		Debug|Any CPU = Debug|Any CPU
		Release|Any CPU = Release|Any CPU
	EndGlobalSection
	GlobalSection(ProjectConfigurationPlatforms) = postSolution
		{E5A4DF64-D583-406C-8960-4F05F873A43D}.Debug|Any CPU.ActiveCfg = Debug|Any CPU
		{E5A4DF64-D583-406C-8960-4F05F873A43D}.Debug|Any CPU.Build.0 = Debug|Any CPU
		{E5A4DF64-D583-406C-8960-4F05F873A43D}.Release|Any CPU.ActiveCfg = Release|Any CPU
		{E5A4DF64-D583-406C-8960-4F05F873A43D}.Release|Any CPU.Build.0 = Release|Any CPU
	EndGlobalSection
	GlobalSection(SolutionProperties) = preSolution
		HideSolutionNode = FALSE
	EndGlobalSection
	GlobalSection(ExtensibilityGlobals) = postSolution
		SolutionGuid = {02F64A31-1E10-4440-A803-0025466507F7}
	EndGlobalSection
EndGlobal
