
Microsoft Visual Studio Solution File, Format Version 12.00
# Visual Studio Version 16
VisualStudioVersion = 16.0.28803.156
MinimumVisualStudioVersion = 10.0.40219.1
Project("{FAE04EC0-301F-11D3-BF4B-00C04F79EFBC}") = "Relacion1aN", "Relacion1aN\Relacion1aN.csproj", "{DCF70128-BE91-4448-B617-832F1B70EA89}"
EndProject
Global
	GlobalSection(SolutionConfigurationPlatforms) = preSolution
		Debug|Any CPU = Debug|Any CPU
		Release|Any CPU = Release|Any CPU
	EndGlobalSection
	GlobalSection(ProjectConfigurationPlatforms) = postSolution
		{DCF70128-BE91-4448-B617-832F1B70EA89}.Debug|Any CPU.ActiveCfg = Debug|Any CPU
		{DCF70128-BE91-4448-B617-832F1B70EA89}.Debug|Any CPU.Build.0 = Debug|Any CPU
		{DCF70128-BE91-4448-B617-832F1B70EA89}.Release|Any CPU.ActiveCfg = Release|Any CPU
		{DCF70128-BE91-4448-B617-832F1B70EA89}.Release|Any CPU.Build.0 = Release|Any CPU
	EndGlobalSection
	GlobalSection(SolutionProperties) = preSolution
		HideSolutionNode = FALSE
	EndGlobalSection
	GlobalSection(ExtensibilityGlobals) = postSolution
		SolutionGuid = {F3EDE84B-A66D-4AC0-9F4F-3BBCBE4DE09A}
	EndGlobalSection
EndGlobal
