
Microsoft Visual Studio Solution File, Format Version 12.00
# Visual Studio Version 16
VisualStudioVersion = 16.0.28803.156
MinimumVisualStudioVersion = 10.0.40219.1
Project("{FAE04EC0-301F-11D3-BF4B-00C04F79EFBC}") = "TestUnitario", "TestUnitario\TestUnitario.csproj", "{02443B1B-AD5C-4E82-8C21-83A6ED5855C5}"
EndProject
Project("{FAE04EC0-301F-11D3-BF4B-00C04F79EFBC}") = "HellloUT.Test", "HellloUT.Test\HellloUT.Test.csproj", "{444C327C-5549-4125-B9A2-6E6F18F1FB17}"
EndProject
Global
	GlobalSection(SolutionConfigurationPlatforms) = preSolution
		Debug|Any CPU = Debug|Any CPU
		Release|Any CPU = Release|Any CPU
	EndGlobalSection
	GlobalSection(ProjectConfigurationPlatforms) = postSolution
		{02443B1B-AD5C-4E82-8C21-83A6ED5855C5}.Debug|Any CPU.ActiveCfg = Debug|Any CPU
		{02443B1B-AD5C-4E82-8C21-83A6ED5855C5}.Debug|Any CPU.Build.0 = Debug|Any CPU
		{02443B1B-AD5C-4E82-8C21-83A6ED5855C5}.Release|Any CPU.ActiveCfg = Release|Any CPU
		{02443B1B-AD5C-4E82-8C21-83A6ED5855C5}.Release|Any CPU.Build.0 = Release|Any CPU
		{444C327C-5549-4125-B9A2-6E6F18F1FB17}.Debug|Any CPU.ActiveCfg = Debug|Any CPU
		{444C327C-5549-4125-B9A2-6E6F18F1FB17}.Debug|Any CPU.Build.0 = Debug|Any CPU
		{444C327C-5549-4125-B9A2-6E6F18F1FB17}.Release|Any CPU.ActiveCfg = Release|Any CPU
		{444C327C-5549-4125-B9A2-6E6F18F1FB17}.Release|Any CPU.Build.0 = Release|Any CPU
	EndGlobalSection
	GlobalSection(SolutionProperties) = preSolution
		HideSolutionNode = FALSE
	EndGlobalSection
	GlobalSection(ExtensibilityGlobals) = postSolution
		SolutionGuid = {7556FD80-FE4B-48D0-805D-13B3B28BCA0F}
	EndGlobalSection
EndGlobal
